// !$*UTF8*$!
{
	archiveVersion = 1;
	classes = {
	};
	objectVersion = 77;
	objects = {

/* Begin PBXContainerItemProxy section */
		D0B02E792F8B235F00DDCA45 /* PBXContainerItemProxy */ = {
			isa = PBXContainerItemProxy;
			containerPortal = D0B02E632F8B235D00DDCA45 /* Project object */;
			proxyType = 1;
			remoteGlobalIDString = D0B02E6A2F8B235D00DDCA45;
			remoteInfo = "fan controller";
		};
		D0B02E832F8B235F00DDCA45 /* PBXContainerItemProxy */ = {
			isa = PBXContainerItemProxy;
			containerPortal = D0B02E632F8B235D00DDCA45 /* Project object */;
			proxyType = 1;
			remoteGlobalIDString = D0B02E6A2F8B235D00DDCA45;
			remoteInfo = "fan controller";
		};
/* End PBXContainerItemProxy section */

/* Begin PBXFileReference section */
		D0B02E6B2F8B235D00DDCA45 /* fan controller.app */ = {isa = PBXFileReference; explicitFileType = wrapper.application; includeInIndex = 0; path = "fan controller.app"; sourceTree = BUILT_PRODUCTS_DIR; };
		D0B02E782F8B235F00DDCA45 /* fan controllerTests.xctest */ = {isa = PBXFileReference; explicitFileType = wrapper.cfbundle; includeInIndex = 0; path = "fan controllerTests.xctest"; sourceTree = BUILT_PRODUCTS_DIR; };
		D0B02E822F8B235F00DDCA45 /* fan controllerUITests.xctest */ = {isa = PBXFileReference; explicitFileType = wrapper.cfbundle; includeInIndex = 0; path = "fan controllerUITests.xctest"; sourceTree = BUILT_PRODUCTS_DIR; };
/* End PBXFileReference section */

/* Begin PBXFileSystemSynchronizedRootGroup section */
		D0B02E6D2F8B235D00DDCA45 /* fan controller */ = {
			isa = PBXFileSystemSynchronizedRootGroup;
			path = "fan controller";
			sourceTree = "<group>";
		};
		D0B02E7B2F8B235F00DDCA45 /* fan controllerTests */ = {
			isa = PBXFileSystemSynchronizedRootGroup;
			path = "fan controllerTests";
			sourceTree = "<group>";
		};
		D0B02E852F8B235F00DDCA45 /* fan controllerUITests */ = {
			isa = PBXFileSystemSynchronizedRootGroup;
			path = "fan controllerUITests";
			sourceTree = "<group>";
		};
/* End PBXFileSystemSynchronizedRootGroup section */

/* Begin PBXFrameworksBuildPhase section */
		D0B02E682F8B235D00DDCA45 /* Frameworks */ = {
			isa = PBXFrameworksBuildPhase;
			buildActionMask = 2147483647;
			files = (
			);
			runOnlyForDeploymentPostprocessing = 0;
		};
		D0B02E752F8B235F00DDCA45 /* Frameworks */ = {
			isa = PBXFrameworksBuildPhase;
			buildActionMask = 2147483647;
			files = (
			);
			runOnlyForDeploymentPostprocessing = 0;
		};
		D0B02E7F2F8B235F00DDCA45 /* Frameworks */ = {
			isa = PBXFrameworksBuildPhase;
			buildActionMask = 2147483647;
			files = (
			);
			runOnlyForDeploymentPostprocessing = 0;
		};
/* End PBXFrameworksBuildPhase section */

/* Begin PBXGroup section */
		D0B02E622F8B235D00DDCA45 = {
			isa = PBXGroup;
			children = (
				D0B02E6D2F8B235D00DDCA45 /* fan controller */,
				D0B02E7B2F8B235F00DDCA45 /* fan controllerTests */,
				D0B02E852F8B235F00DDCA45 /* fan controllerUITests */,
				D0B02E6C2F8B235D00DDCA45 /* Products */,
			);
			sourceTree = "<group>";
		};
		D0B02E6C2F8B235D00DDCA45 /* Products */ = {
			isa = PBXGroup;
			children = (
				D0B02E6B2F8B235D00DDCA45 /* fan controller.app */,
				D0B02E782F8B235F00DDCA45 /* fan controllerTests.xctest */,
				D0B02E822F8B235F00DDCA45 /* fan controllerUITests.xctest */,
			);
			name = Products;
			sourceTree = "<group>";
		};
/* End PBXGroup section */

/* Begin PBXNativeTarget section */
		D0B02E6A2F8B235D00DDCA45 /* fan controller */ = {
			isa = PBXNativeTarget;
			buildConfigurationList = D0B02E8C2F8B235F00DDCA45 /* Build configuration list for PBXNativeTarget "fan controller" */;
			buildPhases = (
				D0B02E672F8B235D00DDCA45 /* Sources */,
				D0B02E682F8B235D00DDCA45 /* Frameworks */,
				D0B02E692F8B235D00DDCA45 /* Resources */,
			);
			buildRules = (
			);
			dependencies = (
			);
			fileSystemSynchronizedGroups = (
				D0B02E6D2F8B235D00DDCA45 /* fan controller */,
			);
			name = "fan controller";
			packageProductDependencies = (
			);
			productName = "fan controller";
			productReference = D0B02E6B2F8B235D00DDCA45 /* fan controller.app */;
			productType = "com.apple.product-type.application";
		};
		D0B02E772F8B235F00DDCA45 /* fan controllerTests */ = {
			isa = PBXNativeTarget;
			buildConfigurationList = D0B02E8F2F8B235F00DDCA45 /* Build configuration list for PBXNativeTarget "fan controllerTests" */;
			buildPhases = (
				D0B02E742F8B235F00DDCA45 /* Sources */,
				D0B02E752F8B235F00DDCA45 /* Frameworks */,
				D0B02E762F8B235F00DDCA45 /* Resources */,
			);
			buildRules = (
			);
			dependencies = (
				D0B02E7A2F8B235F00DDCA45 /* PBXTargetDependency */,
			);
			fileSystemSynchronizedGroups = (
				D0B02E7B2F8B235F00DDCA45 /* fan controllerTests */,
			);
			name = "fan controllerTests";
			packageProductDependencies = (
			);
			productName = "fan controllerTests";
			productReference = D0B02E782F8B235F00DDCA45 /* fan controllerTests.xctest */;
			productType = "com.apple.product-type.bundle.unit-test";
		};
		D0B02E812F8B235F00DDCA45 /* fan controllerUITests */ = {
			isa = PBXNativeTarget;
			buildConfigurationList = D0B02E922F8B235F00DDCA45 /* Build configuration list for PBXNativeTarget "fan controllerUITests" */;
			buildPhases = (
				D0B02E7E2F8B235F00DDCA45 /* Sources */,
				D0B02E7F2F8B235F00DDCA45 /* Frameworks */,
				D0B02E802F8B235F00DDCA45 /* Resources */,
			);
			buildRules = (
			);
			dependencies = (
				D0B02E842F8B235F00DDCA45 /* PBXTargetDependency */,
			);
			fileSystemSynchronizedGroups = (
				D0B02E852F8B235F00DDCA45 /* fan controllerUITests */,
			);
			name = "fan controllerUITests";
			packageProductDependencies = (
			);
			productName = "fan controllerUITests";
			productReference = D0B02E822F8B235F00DDCA45 /* fan controllerUITests.xctest */;
			productType = "com.apple.product-type.bundle.ui-testing";
		};
/* End PBXNativeTarget section */

/* Begin PBXProject section */
		D0B02E632F8B235D00DDCA45 /* Project object */ = {
			isa = PBXProject;
			attributes = {
				BuildIndependentTargetsInParallel = 1;
				LastSwiftUpdateCheck = 2640;
				LastUpgradeCheck = 2640;
				TargetAttributes = {
					D0B02E6A2F8B235D00DDCA45 = {
						CreatedOnToolsVersion = 26.4;
					};
					D0B02E772F8B235F00DDCA45 = {
						CreatedOnToolsVersion = 26.4;
						TestTargetID = D0B02E6A2F8B235D00DDCA45;
					};
					D0B02E812F8B235F00DDCA45 = {
						CreatedOnToolsVersion = 26.4;
						TestTargetID = D0B02E6A2F8B235D00DDCA45;
					};
				};
			};
			buildConfigurationList = D0B02E662F8B235D00DDCA45 /* Build configuration list for PBXProject "fan controller" */;
			developmentRegion = en;
			hasScannedForEncodings = 0;
			knownRegions = (
				en,
				Base,
			);
			mainGroup = D0B02E622F8B235D00DDCA45;
			minimizedProjectReferenceProxies = 1;
			preferredProjectObjectVersion = 77;
			productRefGroup = D0B02E6C2F8B235D00DDCA45 /* Products */;
			projectDirPath = "";
			projectRoot = "";
			targets = (
				D0B02E6A2F8B235D00DDCA45 /* fan controller */,
				D0B02E772F8B235F00DDCA45 /* fan controllerTests */,
				D0B02E812F8B235F00DDCA45 /* fan controllerUITests */,
			);
		};
/* End PBXProject section */

/* Begin PBXResourcesBuildPhase section */
		D0B02E692F8B235D00DDCA45 /* Resources */ = {
			isa = PBXResourcesBuildPhase;
			buildActionMask = 2147483647;
			files = (
			);
			runOnlyForDeploymentPostprocessing = 0;
		};
		D0B02E762F8B235F00DDCA45 /* Resources */ = {
			isa = PBXResourcesBuildPhase;
			buildActionMask = 2147483647;
			files = (
			);
			runOnlyForDeploymentPostprocessing = 0;
		};
		D0B02E802F8B235F00DDCA45 /* Resources */ = {
			isa = PBXResourcesBuildPhase;
			buildActionMask = 2147483647;
			files = (
			);
			runOnlyForDeploymentPostprocessing = 0;
		};
/* End PBXResourcesBuildPhase section */

/* Begin PBXSourcesBuildPhase section */
		D0B02E672F8B235D00DDCA45 /* Sources */ = {
			isa = PBXSourcesBuildPhase;
			buildActionMask = 2147483647;
			files = (
			);
			runOnlyForDeploymentPostprocessing = 0;
		};
		D0B02E742F8B235F00DDCA45 /* Sources */ = {
			isa = PBXSourcesBuildPhase;
			buildActionMask = 2147483647;
			files = (
			);
			runOnlyForDeploymentPostprocessing = 0;
		};
		D0B02E7E2F8B235F00DDCA45 /* Sources */ = {
			isa = PBXSourcesBuildPhase;
			buildActionMask = 2147483647;
			files = (
			);
			runOnlyForDeploymentPostprocessing = 0;
		};
/* End PBXSourcesBuildPhase section */

/* Begin PBXTargetDependency section */
		D0B02E7A2F8B235F00DDCA45 /* PBXTargetDependency */ = {
			isa = PBXTargetDependency;
			target = D0B02E6A2F8B235D00DDCA45 /* fan controller */;
			targetProxy = D0B02E792F8B235F00DDCA45 /* PBXContainerItemProxy */;
		};
		D0B02E842F8B235F00DDCA45 /* PBXTargetDependency */ = {
			isa = PBXTargetDependency;
			target = D0B02E6A2F8B235D00DDCA45 /* fan controller */;
			targetProxy = D0B02E832F8B235F00DDCA45 /* PBXContainerItemProxy */;
		};
/* End PBXTargetDependency section */

/* Begin XCBuildConfiguration section */
		D0B02E8A2F8B235F00DDCA45 /* Debug */ = {
			isa = XCBuildConfiguration;
			buildSettings = {
				ALWAYS_SEARCH_USER_PATHS = NO;
				ASSETCATALOG_COMPILER_GENERATE_SWIFT_ASSET_SYMBOL_EXTENSIONS = YES;
				CLANG_ANALYZER_NONNULL = YES;
				CLANG_ANALYZER_NUMBER_OBJECT_CONVERSION = YES_AGGRESSIVE;
				CLANG_CXX_LANGUAGE_STANDARD = "gnu++20";
				CLANG_ENABLE_MODULES = YES;
				CLANG_ENABLE_OBJC_ARC = YES;
				CLANG_ENABLE_OBJC_WEAK = YES;
				CLANG_WARN_BLOCK_CAPTURE_AUTORELEASING = YES;
				CLANG_WARN_BOOL_CONVERSION = YES;
				CLANG_WARN_COMMA = YES;
				CLANG_WARN_CONSTANT_CONVERSION = YES;
				CLANG_WARN_DEPRECATED_OBJC_IMPLEMENTATIONS = YES;
				CLANG_WARN_DIRECT_OBJC_ISA_USAGE = YES_ERROR;
				CLANG_WARN_DOCUMENTATION_COMMENTS = YES;
				CLANG_WARN_EMPTY_BODY = YES;
				CLANG_WARN_ENUM_CONVERSION = YES;
				CLANG_WARN_INFINITE_RECURSION = YES;
				CLANG_WARN_INT_CONVERSION = YES;
				CLANG_WARN_NON_LITERAL_NULL_CONVERSION = YES;
				CLANG_WARN_OBJC_IMPLICIT_RETAIN_SELF = YES;
				CLANG_WARN_OBJC_LITERAL_CONVERSION = YES;
				CLANG_WARN_OBJC_ROOT_CLASS = YES_ERROR;
				CLANG_WARN_QUOTED_INCLUDE_IN_FRAMEWORK_HEADER = YES;
				CLANG_WARN_RANGE_LOOP_ANALYSIS = YES;
				CLANG_WARN_STRICT_PROTOTYPES = YES;
				CLANG_WARN_SUSPICIOUS_MOVE = YES;
				CLANG_WARN_UNGUARDED_AVAILABILITY = YES_AGGRESSIVE;
				CLANG_WARN_UNREACHABLE_CODE = YES;
				CLANG_WARN__DUPLICATE_METHOD_MATCH = YES;
				COPY_PHASE_STRIP = NO;
				DEBUG_INFORMATION_FORMAT = dwarf;
				DEVELOPMENT_TEAM = HACJTPX76K;
				ENABLE_STRICT_OBJC_MSGSEND = YES;
				ENABLE_TESTABILITY = YES;
				ENABLE_USER_SCRIPT_SANDBOXING = YES;
				GCC_C_LANGUAGE_STANDARD = gnu17;
				GCC_DYNAMIC_NO_PIC = NO;
				GCC_NO_COMMON_BLOCKS = YES;
				GCC_OPTIMIZATION_LEVEL = 0;
				GCC_PREPROCESSOR_DEFINITIONS = (
					"DEBUG=1",
					"$(inherited)",
				);
				GCC_WARN_64_TO_32_BIT_CONVERSION = YES;
				GCC_WARN_ABOUT_RETURN_TYPE = YES_ERROR;
				GCC_WARN_UNDECLARED_SELECTOR = YES;
				GCC_WARN_UNINITIALIZED_AUTOS = YES_AGGRESSIVE;
				GCC_WARN_UNUSED_FUNCTION = YES;
				GCC_WARN_UNUSED_VARIABLE = YES;
				LOCALIZATION_PREFERS_STRING_CATALOGS = YES;
				MACOSX_DEPLOYMENT_TARGET = 26.4;
				MTL_ENABLE_DEBUG_INFO = INCLUDE_SOURCE;
				MTL_FAST_MATH = YES;
				ONLY_ACTIVE_ARCH = YES;
				SDKROOT = macosx;
				SWIFT_ACTIVE_COMPILATION_CONDITIONS = "DEBUG $(inherited)";
				SWIFT_OPTIMIZATION_LEVEL = "-Onone";
			};
			name = Debug;
		};
		D0B02E8B2F8B235F00DDCA45 /* Release */ = {
			isa = XCBuildConfiguration;
			buildSettings = {
				ALWAYS_SEARCH_USER_PATHS = NO;
				ASSETCATALOG_COMPILER_GENERATE_SWIFT_ASSET_SYMBOL_EXTENSIONS = YES;
				CLANG_ANALYZER_NONNULL = YES;
				CLANG_ANALYZER_NUMBER_OBJECT_CONVERSION = YES_AGGRESSIVE;
				CLANG_CXX_LANGUAGE_STANDARD = "gnu++20";
				CLANG_ENABLE_MODULES = YES;
				CLANG_ENABLE_OBJC_ARC = YES;
				CLANG_ENABLE_OBJC_WEAK = YES;
				CLANG_WARN_BLOCK_CAPTURE_AUTORELEASING = YES;
				CLANG_WARN_BOOL_CONVERSION = YES;
				CLANG_WARN_COMMA = YES;
				CLANG_WARN_CONSTANT_CONVERSION = YES;
				CLANG_WARN_DEPRECATED_OBJC_IMPLEMENTATIONS = YES;
				CLANG_WARN_DIRECT_OBJC_ISA_USAGE = YES_ERROR;
				CLANG_WARN_DOCUMENTATION_COMMENTS = YES;
				CLANG_WARN_EMPTY_BODY = YES;
				CLANG_WARN_ENUM_CONVERSION = YES;
				CLANG_WARN_INFINITE_RECURSION = YES;
				CLANG_WARN_INT_CONVERSION = YES;
				CLANG_WARN_NON_LITERAL_NULL_CONVERSION = YES;
				CLANG_WARN_OBJC_IMPLICIT_RETAIN_SELF = YES;
				CLANG_WARN_OBJC_LITERAL_CONVERSION = YES;
				CLANG_WARN_OBJC_ROOT_CLASS = YES_ERROR;
				CLANG_WARN_QUOTED_INCLUDE_IN_FRAMEWORK_HEADER = YES;
				CLANG_WARN_RANGE_LOOP_ANALYSIS = YES;
				CLANG_WARN_STRICT_PROTOTYPES = YES;
				CLANG_WARN_SUSPICIOUS_MOVE = YES;
				CLANG_WARN_UNGUARDED_AVAILABILITY = YES_AGGRESSIVE;
				CLANG_WARN_UNREACHABLE_CODE = YES;
				CLANG_WARN__DUPLICATE_METHOD_MATCH = YES;
				COPY_PHASE_STRIP = NO;
				DEBUG_INFORMATION_FORMAT = "dwarf-with-dsym";
				DEVELOPMENT_TEAM = HACJTPX76K;
				ENABLE_NS_ASSERTIONS = NO;
				ENABLE_STRICT_OBJC_MSGSEND = YES;
				ENABLE_USER_SCRIPT_SANDBOXING = YES;
				GCC_C_LANGUAGE_STANDARD = gnu17;
				GCC_NO_COMMON_BLOCKS = YES;
				GCC_WARN_64_TO_32_BIT_CONVERSION = YES;
				GCC_WARN_ABOUT_RETURN_TYPE = YES_ERROR;
				GCC_WARN_UNDECLARED_SELECTOR = YES;
				GCC_WARN_UNINITIALIZED_AUTOS = YES_AGGRESSIVE;
				GCC_WARN_UNUSED_FUNCTION = YES;
				GCC_WARN_UNUSED_VARIABLE = YES;
				LOCALIZATION_PREFERS_STRING_CATALOGS = YES;
				MACOSX_DEPLOYMENT_TARGET = 26.4;
				MTL_ENABLE_DEBUG_INFO = NO;
				MTL_FAST_MATH = YES;
				SDKROOT = macosx;
				SWIFT_COMPILATION_MODE = wholemodule;
			};
			name = Release;
		};
		D0B02E8D2F8B235F00DDCA45 /* Debug */ = {
			isa = XCBuildConfiguration;
			buildSettings = {
				ASSETCATALOG_COMPILER_APPICON_NAME = AppIcon;
				ASSETCATALOG_COMPILER_GLOBAL_ACCENT_COLOR_NAME = AccentColor;
				CODE_SIGN_STYLE = Automatic;
				COMBINE_HIDPI_IMAGES = YES;
				CURRENT_PROJECT_VERSION = 1;
				DEVELOPMENT_TEAM = 4Z3H5G7725;
				ENABLE_APP_SANDBOX = NO;
				ENABLE_HARDENED_RUNTIME = YES;
				ENABLE_PREVIEWS = YES;
				ENABLE_USER_SELECTED_FILES = readonly;
				GENERATE_INFOPLIST_FILE = YES;
				INFOPLIST_KEY_NSHumanReadableCopyright = "";
				LD_RUNPATH_SEARCH_PATHS = (
					"$(inherited)",
					"@executable_path/../Frameworks",
				);
				MACOSX_DEPLOYMENT_TARGET = 14.0;
				MARKETING_VERSION = 1.0;
				PRODUCT_BUNDLE_IDENTIFIER = "com.bbt.fan-controller-pro";
				PRODUCT_NAME = "$(TARGET_NAME)";
				REGISTER_APP_GROUPS = YES;
				STRING_CATALOG_GENERATE_SYMBOLS = YES;
				SWIFT_APPROACHABLE_CONCURRENCY = YES;
				SWIFT_DEFAULT_ACTOR_ISOLATION = MainActor;
				SWIFT_EMIT_LOC_STRINGS = YES;
				SWIFT_UPCOMING_FEATURE_MEMBER_IMPORT_VISIBILITY = YES;
				SWIFT_VERSION = 5.0;
			};
			name = Debug;
		};
		D0B02E8E2F8B235F00DDCA45 /* Release */ = {
			isa = XCBuildConfiguration;
			buildSettings = {
				ASSETCATALOG_COMPILER_APPICON_NAME = AppIcon;
				ASSETCATALOG_COMPILER_GLOBAL_ACCENT_COLOR_NAME = AccentColor;
				CODE_SIGN_STYLE = Automatic;
				COMBINE_HIDPI_IMAGES = YES;
				CURRENT_PROJECT_VERSION = 1;
				DEVELOPMENT_TEAM = 4Z3H5G7725;
				ENABLE_APP_SANDBOX = NO;
				ENABLE_HARDENED_RUNTIME = YES;
				ENABLE_PREVIEWS = YES;
				ENABLE_USER_SELECTED_FILES = readonly;
				GENERATE_INFOPLIST_FILE = YES;
				INFOPLIST_KEY_NSHumanReadableCopyright = "";
				LD_RUNPATH_SEARCH_PATHS = (
					"$(inherited)",
					"@executable_path/../Frameworks",
				);
				MACOSX_DEPLOYMENT_TARGET = 14.0;
				MARKETING_VERSION = 1.0;
				PRODUCT_BUNDLE_IDENTIFIER = "com.bbt.fan-controller-pro";
				PRODUCT_NAME = "$(TARGET_NAME)";
				REGISTER_APP_GROUPS = YES;
				STRING_CATALOG_GENERATE_SYMBOLS = YES;
				SWIFT_APPROACHABLE_CONCURRENCY = YES;
				SWIFT_DEFAULT_ACTOR_ISOLATION = MainActor;
				SWIFT_EMIT_LOC_STRINGS = YES;
				SWIFT_UPCOMING_FEATURE_MEMBER_IMPORT_VISIBILITY = YES;
				SWIFT_VERSION = 5.0;
			};
			name = Release;
		};
		D0B02E902F8B235F00DDCA45 /* Debug */ = {
			isa = XCBuildConfiguration;
			buildSettings = {
				BUNDLE_LOADER = "$(TEST_HOST)";
				CODE_SIGN_STYLE = Automatic;
				CURRENT_PROJECT_VERSION = 1;
				DEVELOPMENT_TEAM = HACJTPX76K;
				GENERATE_INFOPLIST_FILE = YES;
				MACOSX_DEPLOYMENT_TARGET = 26.4;
				MARKETING_VERSION = 1.0;
				PRODUCT_BUNDLE_IDENTIFIER = "com.bbt.fan-controller-proTests";
				PRODUCT_NAME = "$(TARGET_NAME)";
				STRING_CATALOG_GENERATE_SYMBOLS = NO;
				SWIFT_APPROACHABLE_CONCURRENCY = YES;
				SWIFT_EMIT_LOC_STRINGS = NO;
				SWIFT_UPCOMING_FEATURE_MEMBER_IMPORT_VISIBILITY = YES;
				SWIFT_VERSION = 5.0;
				TEST_HOST = "$(BUILT_PRODUCTS_DIR)/fan controller.app/$(BUNDLE_EXECUTABLE_FOLDER_PATH)/fan controller";
			};
			name = Debug;
		};
		D0B02E912F8B235F00DDCA45 /* Release */ = {
			isa = XCBuildConfiguration;
			buildSettings = {
				BUNDLE_LOADER = "$(TEST_HOST)";
				CODE_SIGN_STYLE = Automatic;
				CURRENT_PROJECT_VERSION = 1;
				DEVELOPMENT_TEAM = HACJTPX76K;
				GENERATE_INFOPLIST_FILE = YES;
				MACOSX_DEPLOYMENT_TARGET = 26.4;
				MARKETING_VERSION = 1.0;
				PRODUCT_BUNDLE_IDENTIFIER = "com.bbt.fan-controller-proTests";
				PRODUCT_NAME = "$(TARGET_NAME)";
				STRING_CATALOG_GENERATE_SYMBOLS = NO;
				SWIFT_APPROACHABLE_CONCURRENCY = YES;
				SWIFT_EMIT_LOC_STRINGS = NO;
				SWIFT_UPCOMING_FEATURE_MEMBER_IMPORT_VISIBILITY = YES;
				SWIFT_VERSION = 5.0;
				TEST_HOST = "$(BUILT_PRODUCTS_DIR)/fan controller.app/$(BUNDLE_EXECUTABLE_FOLDER_PATH)/fan controller";
			};
			name = Release;
		};
		D0B02E932F8B235F00DDCA45 /* Debug */ = {
			isa = XCBuildConfiguration;
			buildSettings = {
				CODE_SIGN_STYLE = Automatic;
				CURRENT_PROJECT_VERSION = 1;
				DEVELOPMENT_TEAM = HACJTPX76K;
				GENERATE_INFOPLIST_FILE = YES;
				MARKETING_VERSION = 1.0;
				PRODUCT_BUNDLE_IDENTIFIER = "com.bbt.fan-controller-proUITests";
				PRODUCT_NAME = "$(TARGET_NAME)";
				STRING_CATALOG_GENERATE_SYMBOLS = NO;
				SWIFT_APPROACHABLE_CONCURRENCY = YES;
				SWIFT_EMIT_LOC_STRINGS = NO;
				SWIFT_UPCOMING_FEATURE_MEMBER_IMPORT_VISIBILITY = YES;
				SWIFT_VERSION = 5.0;
				TEST_TARGET_NAME = "fan controller";
			};
			name = Debug;
		};
		D0B02E942F8B235F00DDCA45 /* Release */ = {
			isa = XCBuildConfiguration;
			buildSettings = {
				CODE_SIGN_STYLE = Automatic;
				CURRENT_PROJECT_VERSION = 1;
				DEVELOPMENT_TEAM = HACJTPX76K;
				GENERATE_INFOPLIST_FILE = YES;
				MARKETING_VERSION = 1.0;
				PRODUCT_BUNDLE_IDENTIFIER = "com.bbt.fan-controller-proUITests";
				PRODUCT_NAME = "$(TARGET_NAME)";
				STRING_CATALOG_GENERATE_SYMBOLS = NO;
				SWIFT_APPROACHABLE_CONCURRENCY = YES;
				SWIFT_EMIT_LOC_STRINGS = NO;
				SWIFT_UPCOMING_FEATURE_MEMBER_IMPORT_VISIBILITY = YES;
				SWIFT_VERSION = 5.0;
				TEST_TARGET_NAME = "fan controller";
			};
			name = Release;
		};
/* End XCBuildConfiguration section */

/* Begin XCConfigurationList section */
		D0B02E662F8B235D00DDCA45 /* Build configuration list for PBXProject "fan controller" */ = {
			isa = XCConfigurationList;
			buildConfigurations = (
				D0B02E8A2F8B235F00DDCA45 /* Debug */,
				D0B02E8B2F8B235F00DDCA45 /* Release */,
			);
			defaultConfigurationIsVisible = 0;
			defaultConfigurationName = Release;
		};
		D0B02E8C2F8B235F00DDCA45 /* Build configuration list for PBXNativeTarget "fan controller" */ = {
			isa = XCConfigurationList;
			buildConfigurations = (
				D0B02E8D2F8B235F00DDCA45 /* Debug */,
				D0B02E8E2F8B235F00DDCA45 /* Release */,
			);
			defaultConfigurationIsVisible = 0;
			defaultConfigurationName = Release;
		};
		D0B02E8F2F8B235F00DDCA45 /* Build configuration list for PBXNativeTarget "fan controllerTests" */ = {
			isa = XCConfigurationList;
			buildConfigurations = (
				D0B02E902F8B235F00DDCA45 /* Debug */,
				D0B02E912F8B235F00DDCA45 /* Release */,
			);
			defaultConfigurationIsVisible = 0;
			defaultConfigurationName = Release;
		};
		D0B02E922F8B235F00DDCA45 /* Build configuration list for PBXNativeTarget "fan controllerUITests" */ = {
			isa = XCConfigurationList;
			buildConfigurations = (
				D0B02E932F8B235F00DDCA45 /* Debug */,
				D0B02E942F8B235F00DDCA45 /* Release */,
			);
			defaultConfigurationIsVisible = 0;
			defaultConfigurationName = Release;
		};
/* End XCConfigurationList section */
	};
	rootObject = D0B02E632F8B235D00DDCA45 /* Project object */;
}
